
Microsoft Visual Studio Solution File, Format Version 12.00
# Visual Studio Version 17
VisualStudioVersion = 17.4.33122.133
MinimumVisualStudioVersion = 10.0.40219.1
Project("{8BC9CEB8-8B4A-11D0-8D11-00A0C91BC942}") = "Beryllium", "Beryllium\Beryllium.vcxproj", "{7836EC5B-8781-4EFA-B024-21EB026E4A9E}"
EndProject
Project("{8BC9CEB8-8B4A-11D0-8D11-00A0C91BC942}") = "ImGui", "ImGui\ImGui.vcxproj", "{DE8CA1E3-3A52-4D5E-AD38-BB3403A96008}"
EndProject
Global
	GlobalSection(SolutionConfigurationPlatforms) = preSolution
		Debug|x64 = Debug|x64
		Debug|x86 = Debug|x86
		Release|x64 = Release|x64
		Release|x86 = Release|x86
	EndGlobalSection
	GlobalSection(ProjectConfigurationPlatforms) = postSolution
		{7836EC5B-8781-4EFA-B024-21EB026E4A9E}.Debug|x64.ActiveCfg = Debug|x64
		{7836EC5B-8781-4EFA-B024-21EB026E4A9E}.Debug|x64.Build.0 = Debug|x64
		{7836EC5B-8781-4EFA-B024-21EB026E4A9E}.Debug|x86.ActiveCfg = Debug|Win32
		{7836EC5B-8781-4EFA-B024-21EB026E4A9E}.Debug|x86.Build.0 = Debug|Win32
		{7836EC5B-8781-4EFA-B024-21EB026E4A9E}.Release|x64.ActiveCfg = Release|x64
		{7836EC5B-8781-4EFA-B024-21EB026E4A9E}.Release|x64.Build.0 = Release|x64
		{7836EC5B-8781-4EFA-B024-21EB026E4A9E}.Release|x86.ActiveCfg = Release|Win32
		{7836EC5B-8781-4EFA-B024-21EB026E4A9E}.Release|x86.Build.0 = Release|Win32
		{DE8CA1E3-3A52-4D5E-AD38-BB3403A96008}.Debug|x64.ActiveCfg = Debug|x64
		{DE8CA1E3-3A52-4D5E-AD38-BB3403A96008}.Debug|x64.Build.0 = Debug|x64
		{DE8CA1E3-3A52-4D5E-AD38-BB3403A96008}.Debug|x86.ActiveCfg = Debug|Win32
		{DE8CA1E3-3A52-4D5E-AD38-BB3403A96008}.Debug|x86.Build.0 = Debug|Win32
		{DE8CA1E3-3A52-4D5E-AD38-BB3403A96008}.Release|x64.ActiveCfg = Release|x64
		{DE8CA1E3-3A52-4D5E-AD38-BB3403A96008}.Release|x64.Build.0 = Release|x64
		{DE8CA1E3-3A52-4D5E-AD38-BB3403A96008}.Release|x86.ActiveCfg = Release|Win32
		{DE8CA1E3-3A52-4D5E-AD38-BB3403A96008}.Release|x86.Build.0 = Release|Win32
	EndGlobalSection
	GlobalSection(SolutionProperties) = preSolution
		HideSolutionNode = FALSE
	EndGlobalSection
	GlobalSection(ExtensibilityGlobals) = postSolution
		SolutionGuid = {6B05AA27-CC97-41BE-979E-17CD1C5C729F}
	EndGlobalSection
EndGlobal
